{
  "version": 4,
  "terraform_version": "1.11.3",
  "serial": 75,
  "lineage": "b8c8d8c0-d681-6b9d-527a-cba365229da9",
  "outputs": {},
  "resources": [
    {
      "module": "module.gke",
      "mode": "managed",
      "type": "google_container_cluster",
      "name": "primary",
      "provider": "provider[\"registry.terraform.io/hashicorp/google\"]",
      "instances": [
        {
          "schema_version": 2,
          "attributes": {
            "addons_config": [
              {
                "cloudrun_config": [],
                "config_connector_config": [],
                "dns_cache_config": [],
                "gce_persistent_disk_csi_driver_config": [
                  {
                    "enabled": true
                  }
                ],
                "gcp_filestore_csi_driver_config": [],
                "gcs_fuse_csi_driver_config": [],
                "gke_backup_agent_config": [],
                "horizontal_pod_autoscaling": [],
                "http_load_balancing": [],
                "network_policy_config": [
                  {
                    "disabled": true
                  }
                ],
                "ray_operator_config": [],
                "stateful_ha_config": []
              }
            ],
            "allow_net_admin": null,
            "authenticator_groups_config": [],
            "binary_authorization": [
              {
                "enabled": false,
                "evaluation_mode": ""
              }
            ],
            "cluster_autoscaling": [
              {
                "auto_provisioning_defaults": [],
                "auto_provisioning_locations": [],
                "autoscaling_profile": "BALANCED",
                "enabled": false,
                "resource_limits": []
              }
            ],
            "cluster_ipv4_cidr": "10.76.0.0/14",
            "confidential_nodes": [],
            "cost_management_config": [],
            "database_encryption": [
              {
                "key_name": "",
                "state": "DECRYPTED"
              }
            ],
            "datapath_provider": "",
            "default_max_pods_per_node": 110,
            "default_snat_status": [
              {
                "disabled": false
              }
            ],
            "deletion_protection": false,
            "description": "",
            "dns_config": [],
            "enable_autopilot": false,
            "enable_cilium_clusterwide_network_policy": false,
            "enable_intranode_visibility": false,
            "enable_k8s_beta_apis": [],
            "enable_kubernetes_alpha": false,
            "enable_l4_ilb_subsetting": false,
            "enable_legacy_abac": false,
            "enable_multi_networking": false,
            "enable_shielded_nodes": true,
            "enable_tpu": false,
            "endpoint": "172.16.0.18",
            "fleet": [],
            "gateway_api_config": [],
            "id": "projects/devsecops-454508/locations/us-central1/clusters/gke-cluster",
            "identity_service_config": [],
            "initial_node_count": 1,
            "ip_allocation_policy": [
              {
                "additional_pod_ranges_config": [],
                "cluster_ipv4_cidr_block": "10.76.0.0/14",
                "cluster_secondary_range_name": "gke-gke-cluster-pods-c8d064c7",
                "pod_cidr_overprovision_config": [
                  {
                    "disabled": false
                  }
                ],
                "services_ipv4_cidr_block": "34.118.224.0/20",
                "services_secondary_range_name": "",
                "stack_type": "IPV4"
              }
            ],
            "label_fingerprint": "a9dc16a7",
            "location": "us-central1",
            "logging_config": [
              {
                "enable_components": [
                  "SYSTEM_COMPONENTS",
                  "WORKLOADS"
                ]
              }
            ],
            "logging_service": "logging.googleapis.com/kubernetes",
            "maintenance_policy": [],
            "master_auth": [
              {
                "client_certificate": "",
                "client_certificate_config": [
                  {
                    "issue_client_certificate": false
                  }
                ],
                "client_key": "",
                "cluster_ca_certificate": "LS0tLS1CRUdJTiBDRVJUSUZJQ0FURS0tLS0tCk1JSUVMRENDQXBTZ0F3SUJBZ0lRUE1qRS9EUVFKUmJxVnlsdmdWbUVnREFOQmdrcWhraUc5dzBCQVFzRkFEQXYKTVMwd0t3WURWUVFERXlRNFptTTBabVZqTmkxa01HVTVMVFEzTkRjdE9XTTFPQzA0TURkaFptVXlOamM0TldFdwpJQmNOTWpVd05ERXhNVFV6TlRFM1doZ1BNakExTlRBME1EUXhOak0xTVRkYU1DOHhMVEFyQmdOVkJBTVRKRGhtCll6Um1aV00yTFdRd1pUa3RORGMwTnkwNVl6VTRMVGd3TjJGbVpUSTJOemcxWVRDQ0FhSXdEUVlKS29aSWh2Y04KQVFFQkJRQURnZ0dQQURDQ0FZb0NnZ0dCQUxLdUo5WVVWUG9oZE81S3NJR0V5NXBqTmt0NGdZL29xS0FEemEvcwozUVpRS2k3M1ljd2p4ZXhTVC9ZbTk4U1JMeGY5NmZnejl0aGVHcjNyQ0ZFY3BnR0oraE9CVmRMLzJGRys3YWEvClhFSU00eFN3OXhKaVpPWDJrYnF4b1lzalQ2S05Zc0E1TXRhYkFxY3FKTGFXYnBialp5b1VtMmg4WGVOS0wxdUcKOUJrWUpYM1ROM0kyUW4zRDlESGlZbTNZc2hSQUJ3ejZQWDJSQ0h0UWJCM09mV0M1Qy84bEVkNUpqU3dDMXlJcwpadHMxcFJLYTFQTC8rWnJMK3VEdUpncmVieVQ0OXpxMXVGbXpiSFpKSnhNVE9GbjA2ZlY3MFl6eWJ1dENvNGlWCkgrc0U2bUY5MzJjRml2ZC9hZm5UMVpsYUZGMU8xbnNlREhmbnJZMjFjb0FNVTJnYVZ3aTRQK1FZRlZaL1hFTlQKZisrVTdqZzRkVmJNajRaM1pKUUk3MkIxSm56ZkhyajZCTmM5eDlJNGxLWTAwYlJFcm5WUWVreHVvKzB0cXFHUwpPSnVsVXljZzlsbDNmTUM0bzYvS3B2UVVZNjBMUnBlL0tSOTNlaGRYM3hDYzV5SHdlM3pPTDg3THhGZEZpUWc2CldNUkVCVHpGRG1HcFhLZDZMUmkxLzBmNURRSURBUUFCbzBJd1FEQU9CZ05WSFE4QkFmOEVCQU1DQWdRd0R3WUQKVlIwVEFRSC9CQVV3QXdFQi96QWRCZ05WSFE0RUZnUVU1S1k2TmtreVdadzUrM21WWWhENUtsK3hQMWN3RFFZSgpLb1pJaHZjTkFRRUxCUUFEZ2dHQkFGSG8vdWVZV1BiR3MrZkVDVjF3akxrd3IvNXBJSkZhUCs0TWxNT0JBZkd3CmJCTG5OUzRHc2FPNUhmWlY2NXNHK1grM1lEM0JzOS9qcEZ3anhWeTdqMExXUW9wdXBpU0V2U2xQSjVsTERwUmQKb1pzaWYvTW1MRXh4MDlQM2dCR2JuaThSN0VYU001Ly9hR2gvdjhDaGdYUVoyelFmajJxZ09OODQ1ZFN2b2VKQwprT251K2sxSUxUMkF6WDhiblJxeVlGbE0wVjloKy9qeE42YmRYc0VjOFUvdTlTTTVsMy9JQzc2RFJDNE1aTFRjCnQ4cEdJTjJCQmIyZHFHOFFVZjZoLy9JN3RuTWpZZm9tZzdjaVl4Z1RSbGFITnRvNzNUcjNFdTJ3cFFwT3UwQk8KVjFaeVYzVGFZRlExU085bGpEREVNK3ZMLzA5a1pQMGJITVVjZkM5Rnk3ejZKMERJeUgzR0J0bjdDU1RCTTVoRgpzSzZTRW1TUlU0WXdja200bjJ5b3FyZTRhK2xhZDFORXFyTThwVmx1OUpmMHhXMkJTaEk2ZGpuai9EUVg2UlRHCnJNd1NwOXhmYUhFNmVndjlwMlpiSnZmTHZJQ2hUK2cycVJyUTVhQUJSTy9lS2ZCQkhMeENyZDhyZG9iTkRKNGsKRzlaZU5wa3lnWk9NZC9RYUR2b1h6Zz09Ci0tLS0tRU5EIENFUlRJRklDQVRFLS0tLS0K"
              }
            ],
            "master_authorized_networks_config": [
              {
                "cidr_blocks": [
                  {
                    "cidr_block": "172.16.0.16/28",
                    "display_name": "Office Network"
                  }
                ],
                "gcp_public_cidrs_access_enabled": false
              }
            ],
            "master_version": "1.31.6-gke.1020000",
            "mesh_certificates": [],
            "min_master_version": null,
            "monitoring_config": [
              {
                "advanced_datapath_observability_config": [
                  {
                    "enable_metrics": false,
                    "enable_relay": false,
                    "relay_mode": "DISABLED"
                  }
                ],
                "enable_components": [
                  "SYSTEM_COMPONENTS",
                  "STORAGE",
                  "HPA",
                  "POD",
                  "DAEMONSET",
                  "DEPLOYMENT",
                  "STATEFULSET",
                  "CADVISOR",
                  "KUBELET"
                ],
                "managed_prometheus": [
                  {
                    "enabled": true
                  }
                ]
              }
            ],
            "monitoring_service": "monitoring.googleapis.com/kubernetes",
            "name": "gke-cluster",
            "network": "projects/devsecops-454508/global/networks/private-network",
            "network_policy": [
              {
                "enabled": false,
                "provider": "PROVIDER_UNSPECIFIED"
              }
            ],
            "networking_mode": "VPC_NATIVE",
            "node_config": [],
            "node_locations": [
              "us-central1-a",
              "us-central1-b",
              "us-central1-c"
            ],
            "node_pool": [],
            "node_pool_auto_config": [],
            "node_pool_defaults": [
              {
                "node_config_defaults": [
                  {
                    "containerd_config": [],
                    "insecure_kubelet_readonly_port_enabled": "FALSE",
                    "logging_variant": "DEFAULT"
                  }
                ]
              }
            ],
            "node_version": "1.31.6-gke.1020000",
            "notification_config": [
              {
                "pubsub": [
                  {
                    "enabled": false,
                    "filter": [],
                    "topic": ""
                  }
                ]
              }
            ],
            "operation": null,
            "private_cluster_config": [
              {
                "enable_private_endpoint": true,
                "enable_private_nodes": true,
                "master_global_access_config": [
                  {
                    "enabled": false
                  }
                ],
                "master_ipv4_cidr_block": "172.16.0.16/28",
                "peering_name": "",
                "private_endpoint": "172.16.0.18",
                "private_endpoint_subnetwork": "",
                "public_endpoint": "34.28.28.225"
              }
            ],
            "private_ipv6_google_access": "",
            "project": "devsecops-454508",
            "release_channel": [
              {
                "channel": "REGULAR"
              }
            ],
            "remove_default_node_pool": true,
            "resource_labels": {},
            "resource_usage_export_config": [],
            "security_posture_config": [
              {
                "mode": "BASIC",
                "vulnerability_mode": "VULNERABILITY_MODE_UNSPECIFIED"
              }
            ],
            "self_link": "https://container.googleapis.com/v1/projects/devsecops-454508/locations/us-central1/clusters/gke-cluster",
            "service_external_ips_config": [
              {
                "enabled": false
              }
            ],
            "services_ipv4_cidr": "34.118.224.0/20",
            "subnetwork": "projects/devsecops-454508/regions/us-central1/subnetworks/private-subnet",
            "timeouts": null,
            "tpu_ipv4_cidr_block": "",
            "vertical_pod_autoscaling": [],
            "workload_identity_config": []
          },
          "sensitive_attributes": [
            [
              {
                "type": "get_attr",
                "value": "master_auth"
              },
              {
                "type": "index",
                "value": {
                  "value": 0,
                  "type": "number"
                }
              },
              {
                "type": "get_attr",
                "value": "client_key"
              }
            ]
          ],
          "private": "eyJlMmJmYjczMC1lY2FhLTExZTYtOGY4OC0zNDM2M2JjN2M0YzAiOnsiY3JlYXRlIjoyNDAwMDAwMDAwMDAwLCJkZWxldGUiOjI0MDAwMDAwMDAwMDAsInJlYWQiOjI0MDAwMDAwMDAwMDAsInVwZGF0ZSI6MzYwMDAwMDAwMDAwMH0sInNjaGVtYV92ZXJzaW9uIjoiMiJ9",
          "dependencies": [
            "module.network.google_compute_firewall.allow_openvpn",
            "module.network.google_compute_firewall.allow_ssh",
            "module.network.google_compute_network.vpc",
            "module.network.google_compute_subnetwork.private_subnet"
          ]
        }
      ]
    },
    {
      "module": "module.network",
      "mode": "managed",
      "type": "google_compute_firewall",
      "name": "allow_openvpn",
      "provider": "provider[\"registry.terraform.io/hashicorp/google\"]",
      "instances": [
        {
          "schema_version": 1,
          "attributes": {
            "allow": [
              {
                "ports": [
                  "1194"
                ],
                "protocol": "udp"
              }
            ],
            "creation_timestamp": "2025-04-11T09:34:58.926-07:00",
            "deny": [],
            "description": "",
            "destination_ranges": [],
            "direction": "INGRESS",
            "disabled": false,
            "enable_logging": null,
            "id": "projects/devsecops-454508/global/firewalls/allow-openvpn",
            "log_config": [],
            "name": "allow-openvpn",
            "network": "https://www.googleapis.com/compute/v1/projects/devsecops-454508/global/networks/private-network",
            "priority": 1000,
            "project": "devsecops-454508",
            "self_link": "https://www.googleapis.com/compute/v1/projects/devsecops-454508/global/firewalls/allow-openvpn",
            "source_ranges": [
              "0.0.0.0/0"
            ],
            "source_service_accounts": [],
            "source_tags": [],
            "target_service_accounts": [],
            "target_tags": [
              "openvpn-server"
            ],
            "timeouts": null
          },
          "sensitive_attributes": [],
          "private": "eyJlMmJmYjczMC1lY2FhLTExZTYtOGY4OC0zNDM2M2JjN2M0YzAiOnsiY3JlYXRlIjoxMjAwMDAwMDAwMDAwLCJkZWxldGUiOjEyMDAwMDAwMDAwMDAsInVwZGF0ZSI6MTIwMDAwMDAwMDAwMH0sInNjaGVtYV92ZXJzaW9uIjoiMSJ9",
          "dependencies": [
            "module.network.google_compute_network.vpc"
          ]
        }
      ]
    },
    {
      "module": "module.network",
      "mode": "managed",
      "type": "google_compute_firewall",
      "name": "allow_ssh",
      "provider": "provider[\"registry.terraform.io/hashicorp/google\"]",
      "instances": [
        {
          "schema_version": 1,
          "attributes": {
            "allow": [
              {
                "ports": [
                  "22"
                ],
                "protocol": "tcp"
              }
            ],
            "creation_timestamp": "2025-04-11T09:34:58.641-07:00",
            "deny": [],
            "description": "",
            "destination_ranges": [],
            "direction": "INGRESS",
            "disabled": false,
            "enable_logging": null,
            "id": "projects/devsecops-454508/global/firewalls/allow-ssh",
            "log_config": [],
            "name": "allow-ssh",
            "network": "https://www.googleapis.com/compute/v1/projects/devsecops-454508/global/networks/private-network",
            "priority": 1000,
            "project": "devsecops-454508",
            "self_link": "https://www.googleapis.com/compute/v1/projects/devsecops-454508/global/firewalls/allow-ssh",
            "source_ranges": [
              "0.0.0.0/0"
            ],
            "source_service_accounts": [],
            "source_tags": [],
            "target_service_accounts": [],
            "target_tags": [
              "openvpn-server"
            ],
            "timeouts": null
          },
          "sensitive_attributes": [],
          "private": "eyJlMmJmYjczMC1lY2FhLTExZTYtOGY4OC0zNDM2M2JjN2M0YzAiOnsiY3JlYXRlIjoxMjAwMDAwMDAwMDAwLCJkZWxldGUiOjEyMDAwMDAwMDAwMDAsInVwZGF0ZSI6MTIwMDAwMDAwMDAwMH0sInNjaGVtYV92ZXJzaW9uIjoiMSJ9",
          "dependencies": [
            "module.network.google_compute_network.vpc"
          ]
        }
      ]
    },
    {
      "module": "module.network",
      "mode": "managed",
      "type": "google_compute_network",
      "name": "vpc",
      "provider": "provider[\"registry.terraform.io/hashicorp/google\"]",
      "instances": [
        {
          "schema_version": 0,
          "attributes": {
            "auto_create_subnetworks": false,
            "delete_default_routes_on_create": false,
            "description": "",
            "enable_ula_internal_ipv6": false,
            "gateway_ipv4": "",
            "id": "projects/devsecops-454508/global/networks/private-network",
            "internal_ipv6_range": "",
            "mtu": 0,
            "name": "private-network",
            "network_firewall_policy_enforcement_order": "AFTER_CLASSIC_FIREWALL",
            "numeric_id": "1345822765450852942",
            "project": "devsecops-454508",
            "routing_mode": "REGIONAL",
            "self_link": "https://www.googleapis.com/compute/v1/projects/devsecops-454508/global/networks/private-network",
            "timeouts": null
          },
          "sensitive_attributes": [],
          "private": "eyJlMmJmYjczMC1lY2FhLTExZTYtOGY4OC0zNDM2M2JjN2M0YzAiOnsiY3JlYXRlIjoxMjAwMDAwMDAwMDAwLCJkZWxldGUiOjEyMDAwMDAwMDAwMDAsInVwZGF0ZSI6MTIwMDAwMDAwMDAwMH19"
        }
      ]
    },
    {
      "module": "module.network",
      "mode": "managed",
      "type": "google_compute_subnetwork",
      "name": "private_subnet",
      "provider": "provider[\"registry.terraform.io/hashicorp/google\"]",
      "instances": [
        {
          "schema_version": 0,
          "attributes": {
            "creation_timestamp": "2025-04-11T09:34:59.230-07:00",
            "description": "",
            "external_ipv6_prefix": "",
            "fingerprint": null,
            "gateway_address": "10.0.1.1",
            "id": "projects/devsecops-454508/regions/us-central1/subnetworks/private-subnet",
            "internal_ipv6_prefix": "",
            "ip_cidr_range": "10.0.1.0/24",
            "ipv6_access_type": "",
            "ipv6_cidr_range": "",
            "log_config": [],
            "name": "private-subnet",
            "network": "https://www.googleapis.com/compute/v1/projects/devsecops-454508/global/networks/private-network",
            "private_ip_google_access": true,
            "private_ipv6_google_access": "DISABLE_GOOGLE_ACCESS",
            "project": "devsecops-454508",
            "purpose": "PRIVATE",
            "region": "us-central1",
            "role": "",
            "secondary_ip_range": [
              {
                "ip_cidr_range": "10.76.0.0/14",
                "range_name": "gke-gke-cluster-pods-c8d064c7"
              }
            ],
            "self_link": "https://www.googleapis.com/compute/v1/projects/devsecops-454508/regions/us-central1/subnetworks/private-subnet",
            "send_secondary_ip_range_if_empty": null,
            "stack_type": "IPV4_ONLY",
            "timeouts": null
          },
          "sensitive_attributes": [],
          "private": "eyJlMmJmYjczMC1lY2FhLTExZTYtOGY4OC0zNDM2M2JjN2M0YzAiOnsiY3JlYXRlIjoxMjAwMDAwMDAwMDAwLCJkZWxldGUiOjEyMDAwMDAwMDAwMDAsInVwZGF0ZSI6MTIwMDAwMDAwMDAwMH19",
          "dependencies": [
            "module.network.google_compute_network.vpc"
          ]
        }
      ]
    }
  ],
  "check_results": null
}
